
Microsoft Visual Studio Solution File, Format Version 12.00
# Visual Studio Version 17
VisualStudioVersion = 17.10.35027.167
MinimumVisualStudioVersion = 10.0.40219.1
Project("{8BC9CEB8-8B4A-11D0-8D11-00A0C91BC942}") = "day02.cpp", "day02.cpp\day02.cpp.vcxproj", "{D61A820F-EB37-43D5-BC72-C81D9CA8070E}"
EndProject
Global
	GlobalSection(SolutionConfigurationPlatforms) = preSolution
		Debug|x64 = Debug|x64
		Debug|x86 = Debug|x86
		Release|x64 = Release|x64
		Release|x86 = Release|x86
	EndGlobalSection
	GlobalSection(ProjectConfigurationPlatforms) = postSolution
		{D61A820F-EB37-43D5-BC72-C81D9CA8070E}.Debug|x64.ActiveCfg = Debug|x64
		{D61A820F-EB37-43D5-BC72-C81D9CA8070E}.Debug|x64.Build.0 = Debug|x64
		{D61A820F-EB37-43D5-BC72-C81D9CA8070E}.Debug|x86.ActiveCfg = Debug|Win32
		{D61A820F-EB37-43D5-BC72-C81D9CA8070E}.Debug|x86.Build.0 = Debug|Win32
		{D61A820F-EB37-43D5-BC72-C81D9CA8070E}.Release|x64.ActiveCfg = Release|x64
		{D61A820F-EB37-43D5-BC72-C81D9CA8070E}.Release|x64.Build.0 = Release|x64
		{D61A820F-EB37-43D5-BC72-C81D9CA8070E}.Release|x86.ActiveCfg = Release|Win32
		{D61A820F-EB37-43D5-BC72-C81D9CA8070E}.Release|x86.Build.0 = Release|Win32
	EndGlobalSection
	GlobalSection(SolutionProperties) = preSolution
		HideSolutionNode = FALSE
	EndGlobalSection
	GlobalSection(ExtensibilityGlobals) = postSolution
		SolutionGuid = {B4B31620-E3AD-402D-A29D-C034D34125F2}
	EndGlobalSection
EndGlobal
